{
  "version": "3",
  "packages": {
    "specifiers": {
      "npm:@mogamoga1024/typing-jp": "npm:@mogamoga1024/typing-jp@1.1.2"
    },
    "npm": {
      "@mogamoga1024/typing-jp@1.1.2": {
        "integrity": "sha512-OI2gO8FqpNvI64kTfXjCL9JlVjbY0Kx3L3bEC4X8+6US6XO+twsZ7aa6zs2ZbTpLe32LImRb1ltTw4Tjm9/qQw==",
        "dependencies": {
          "moji": "moji@0.5.1"
        }
      },
      "moji@0.5.1": {
        "integrity": "sha512-xYylXOjBS9mE/d690InK3Y74NpE0El0TmAKDmKJveWk9jds/0Tl7MQP4yhavS0U64diEq+5ey2905nhCpIHE+Q==",
        "dependencies": {
          "object-assign": "object-assign@3.0.0"
        }
      },
      "object-assign@3.0.0": {
        "integrity": "sha512-jHP15vXVGeVh1HuaA2wY6lxk+whK/x4KBG88VXeRma7CCun7iGD5qPc4eYykQ9sdQvg8jkwFKsSxHln2ybW3xQ==",
        "dependencies": {}
      }
    }
  },
  "remote": {
    "https://deno.land/std@0.151.0/_util/assert.ts": "e94f2eb37cebd7f199952e242c77654e43333c1ac4c5c700e929ea3aa5489f74",
    "https://deno.land/std@0.151.0/_util/os.ts": "3b4c6e27febd119d36a416d7a97bd3b0251b77c88942c8f16ee5953ea13e2e49",
    "https://deno.land/std@0.151.0/async/abortable.ts": "87aa7230be8360c24ad437212311c9e8d4328854baec27b4c7abb26e85515c06",
    "https://deno.land/std@0.151.0/async/deadline.ts": "48ac998d7564969f3e6ec6b6f9bf0217ebd00239b1b2292feba61272d5dd58d0",
    "https://deno.land/std@0.151.0/async/debounce.ts": "564273ef242bcfcda19a439132f940db8694173abffc159ea34f07d18fc42620",
    "https://deno.land/std@0.151.0/async/deferred.ts": "bc18e28108252c9f67dfca2bbc4587c3cbf3aeb6e155f8c864ca8ecff992b98a",
    "https://deno.land/std@0.151.0/async/delay.ts": "cbbdf1c87d1aed8edc7bae13592fb3e27e3106e0748f089c263390d4f49e5f6c",
    "https://deno.land/std@0.151.0/async/mod.ts": "9852cd8ed897ab2d41a8fbee611d574e97898327db5c19d9d58e41126473f02c",
    "https://deno.land/std@0.151.0/async/mux_async_iterator.ts": "5b4aca6781ad0f2e19ccdf1d1a1c092ccd3e00d52050d9c27c772658c8367256",
    "https://deno.land/std@0.151.0/async/pool.ts": "ef9eb97b388543acbf0ac32647121e4dbe629236899586c4d4311a8770fbb239",
    "https://deno.land/std@0.151.0/async/tee.ts": "bcfae0017ebb718cf4eef9e2420e8675d91cb1bcc0ed9b668681af6e6caad846",
    "https://deno.land/std@0.151.0/encoding/hex.ts": "7f023e1e51cfd6b189682e602e8640939e7be71a300a2fcf3daf8f84dc609bbc",
    "https://deno.land/std@0.151.0/flags/mod.ts": "594472736e24b2f2afd3451cf7ccd58a21706ce91006478a544fdfa056c69697",
    "https://deno.land/std@0.151.0/fmt/colors.ts": "6f9340b7fb8cc25a993a99e5efc56fe81bb5af284ff412129dd06df06f53c0b4",
    "https://deno.land/std@0.151.0/http/file_server.ts": "dfcd3fa6fb516d534edd70a0dde5ad7fdb2f0e5b4b2371b3426a7a9b34978c89",
    "https://deno.land/std@0.151.0/http/http_status.ts": "897575a7d6bc2b9123f6a38ecbc0f03d95a532c5d92029315dc9f508e12526b8",
    "https://deno.land/std@0.151.0/http/server.ts": "0b0a9f3abfcfecead944b31ee9098a0c11a59b0495bf873ee200eb80e7441483",
    "https://deno.land/std@0.151.0/http/util.ts": "6abb4120b732f28954c3df6fed8bee9e2026a93a327f6f116bf049b3958fd85f",
    "https://deno.land/std@0.151.0/media_types/_util.ts": "ce9b4fc4ba1c447dafab619055e20fd88236ca6bdd7834a21f98bd193c3fbfa1",
    "https://deno.land/std@0.151.0/media_types/mod.ts": "2d4b6f32a087029272dc59e0a55ae3cc4d1b27b794ccf528e94b1925795b3118",
    "https://deno.land/std@0.151.0/media_types/vendor/mime-db.v1.52.0.ts": "724cee25fa40f1a52d3937d6b4fbbfdd7791ff55e1b7ac08d9319d5632c7f5af",
    "https://deno.land/std@0.151.0/path/_constants.ts": "df1db3ffa6dd6d1252cc9617e5d72165cd2483df90e93833e13580687b6083c3",
    "https://deno.land/std@0.151.0/path/_interface.ts": "ee3b431a336b80cf445441109d089b70d87d5e248f4f90ff906820889ecf8d09",
    "https://deno.land/std@0.151.0/path/_util.ts": "c1e9686d0164e29f7d880b2158971d805b6e0efc3110d0b3e24e4b8af2190d2b",
    "https://deno.land/std@0.151.0/path/common.ts": "bee563630abd2d97f99d83c96c2fa0cca7cee103e8cb4e7699ec4d5db7bd2633",
    "https://deno.land/std@0.151.0/path/glob.ts": "cb5255638de1048973c3e69e420c77dc04f75755524cb3b2e160fe9277d939ee",
    "https://deno.land/std@0.151.0/path/mod.ts": "4945b430b759b0b3d98f2a278542cbcf95e0ad2bd8eaaed3c67322b306b2b346",
    "https://deno.land/std@0.151.0/path/posix.ts": "c1f7afe274290ea0b51da07ee205653b2964bd74909a82deb07b69a6cc383aaa",
    "https://deno.land/std@0.151.0/path/separator.ts": "fe1816cb765a8068afb3e8f13ad272351c85cbc739af56dacfc7d93d710fe0f9",
    "https://deno.land/std@0.151.0/path/win32.ts": "bd7549042e37879c68ff2f8576a25950abbfca1d696d41d82c7bca0b7e6f452c",
    "https://deno.land/std@0.178.0/_util/asserts.ts": "178dfc49a464aee693a7e285567b3d0b555dc805ff490505a8aae34f9cfb1462",
    "https://deno.land/std@0.178.0/bytes/copy.ts": "939d89e302a9761dcf1d9c937c7711174ed74c59eef40a1e4569a05c9de88219",
    "https://deno.land/std@0.178.0/io/buf_reader.ts": "90a7adcb3638d8e1361695cdf844d58bcd97c41711dc6f9f8acc0626ebe097f5",
    "https://deno.land/std@0.178.0/io/read_int.ts": "7cb8bcdfaf1107586c3bacc583d11c64c060196cb070bb13ae8c2061404f911f",
    "https://deno.land/std@0.178.0/io/read_long.ts": "f0aaa420e3da1261c5d33c5e729f09922f3d9fa49f046258d4ff7a00d800c71e",
    "https://deno.land/std@0.178.0/io/read_short.ts": "805cb329574b850b84bf14a92c052c59b5977a492cd780c41df8ad40826c1a20",
    "https://deno.land/std@0.74.0/_util/assert.ts": "e1f76e77c5ccb5a8e0dbbbe6cce3a56d2556c8cb5a9a8802fc9565af72462149",
    "https://deno.land/std@0.74.0/async/deferred.ts": "ac95025f46580cf5197928ba90995d87f26e202c19ad961bc4e3177310894cdc",
    "https://deno.land/std@0.74.0/async/delay.ts": "35957d585a6e3dd87706858fb1d6b551cb278271b03f52c5a2cb70e65e00c26a",
    "https://deno.land/std@0.74.0/async/mod.ts": "39f2602a005805dd1e6b9da4ee5391b14d15e8fec4fa5494a6165c599911d746",
    "https://deno.land/std@0.74.0/async/mux_async_iterator.ts": "1352b10a5cee1821a963eb8f4f05603bd7e25f8886eaf8d1888f4b416ddccdf5",
    "https://deno.land/std@0.74.0/async/pool.ts": "a499691231d8c249f044f69d204b479ad3af7f115e0b37342829eff076bc2450",
    "https://deno.land/std@0.74.0/bytes/mod.ts": "b1a149ac741728db00bda9ce1a2d044f248edd5ac95e708a6cc501bfd3adb4a7",
    "https://deno.land/std@0.74.0/datetime/formatter.ts": "a12c63bb1abc49febaec06d18854b0694a095fec55555079f1d5d6c10b229361",
    "https://deno.land/std@0.74.0/datetime/mod.ts": "5d31444e61524f399ac17aa75401b7e47a7b2f6ccaa36575416a1253a8f61afa",
    "https://deno.land/std@0.74.0/datetime/tokenizer.ts": "ae21a459f2f017ac81b1b49caa81174b6b8ab8a4d8d82195dcf25bb67b565c71",
    "https://deno.land/std@0.74.0/encoding/utf8.ts": "1b7e77db9a12363c67872f8a208886ca1329f160c1ca9133b13d2ed399688b99",
    "https://deno.land/std@0.74.0/http/_io.ts": "277093b6c2d5df758c6efa3b467ee3e92076126dc4db55e8859b797d5625ba99",
    "https://deno.land/std@0.74.0/http/cookie.ts": "0d141ef4ff05a53602bfd06839f4a674a0dce170dc80619d67736984c8b57830",
    "https://deno.land/std@0.74.0/http/http_status.ts": "0ecc0799a208f49452023b1b927106ba5a2c13cc6cf6666345db028239d554ab",
    "https://deno.land/std@0.74.0/http/mod.ts": "8b2e2db98b0f664f66d5797cc7728468e336bec0d5daf88a9557396f22f86f8a",
    "https://deno.land/std@0.74.0/http/server.ts": "1b832ac1c1a5ab36537858984a2288aa03afb5d020bcf864dd2d8d0a668a7a85",
    "https://deno.land/std@0.74.0/io/bufio.ts": "9fdfcd7e408aa01cbd31e5d8c90cb8a648635db12e05ba78534296e696c635ee",
    "https://deno.land/std@0.74.0/textproto/mod.ts": "4c378eda3cb6216608bb4c3a34201761c65f6980c4669455ca224c330cd5b790",
    "https://deno.land/x/path_to_regexp@v6.2.1/index.ts": "894060567837bae8fc9c5cbd4d0a05e9024672083d5883b525c031eea940e556",
    "https://taisukef.github.io/moji/core.convert.mjs": "db737088c9d953228896873f9831ab5cecba74f5fe51611abd202efb9ee36e4c",
    "https://taisukef.github.io/moji/core.filter.mjs": "81455ce242997df352e5188991a1499f53ebe64ffc5f6742fbd7762c8db7f7ea",
    "https://taisukef.github.io/moji/core.map.mjs": "cfba8f7a099ed2d26179d020f307dc74c985476d750b91ab49c3d8c31c7da44f",
    "https://taisukef.github.io/moji/core.mjs": "352eb6ff65398b24b3e2c3117ac3cec765e0d10d290d960dba7a26bc134542ba",
    "https://taisukef.github.io/moji/core.reject.mjs": "8c2ada20d651151776b2e5d21257246ede7df6d7c0956bc487fa218a2d1c71e4",
    "https://taisukef.github.io/moji/default_mojisyu.mjs": "7a4cf75e6870b48f458facbac3d8689f4f7de4e1a39d11deee3f533598d14f8f",
    "https://taisukef.github.io/moji/index.mjs": "56defc972df84d96788e341ee21c6189a967e9a9a7864e9f2dd42c47c4131542",
    "https://taisukef.github.io/moji/moji.mjs": "5f48ae7838909c1a41839ffae6cfcf799daababe8315a1fce5e37b769e22f741",
    "https://taisukef.github.io/moji/mojisyu.mjs": "a8b3e853b2c22aeb9e0eb797ec80cb3e4d8fd7cd858c61814e0fc381e4596030",
    "https://taisukef.github.io/typing-jp/main.js": "6f317dbda758d5953280f235e5abd6fb13b056ee3156a9fc917b6bafdbf64d92",
    "https://taisukef.github.io/typing-jp/src/char/char.js": "8bbddaa5c47556860a95a731d21424a68db67646e706a3698c747b581a4fa5ff",
    "https://taisukef.github.io/typing-jp/src/char/char_chain.js": "e8240c4d44ce30ae376a7291fcf28df618d0c34bd77ab2cbf1a971bfa4cd7042",
    "https://taisukef.github.io/typing-jp/src/char/char_factory.js": "0c6954f63e9371c8205b62fb19789ee3b22c330c877ba7845e1afae4641ac872",
    "https://taisukef.github.io/typing-jp/src/char/char_zen.js": "fdb9e57db502bc74226cdf428137931e1764a9ad0eecd728d811d167a5d7e760",
    "https://taisukef.github.io/typing-jp/src/char/char_zen_n.js": "f41acba80a7463563ba43058a67f8bd30eaed2d31750789f63a0a2b1ae6bac93",
    "https://taisukef.github.io/typing-jp/src/char/char_zen_xtu.js": "c753c4d6f9335438fe4eccc90695d0287b79d4828112b51331d08caeb8949e1f",
    "https://taisukef.github.io/typing-jp/src/constants/char_status.js": "00371e95825f00f39544b8c8c0c9f08729eaa37e90f62b02dd47c04da312befd",
    "https://taisukef.github.io/typing-jp/src/constants/text_status.js": "489cd099101098c429cabca1ec7c111e9178f6620b31edd237df238f10e09038",
    "https://taisukef.github.io/typing-jp/src/error/char_creation_error.js": "20b50a5ef2502825d189e339f1c2c5d0f6985c5ae60209d723ad4fb81e7f1881",
    "https://taisukef.github.io/typing-jp/src/error/empty_text_error.js": "1ca5836963f8c7154f1607376e1a52a0df11c4c6b2c1e955a865cfcba20be74e",
    "https://taisukef.github.io/typing-jp/src/error/no_remaining_input_error.js": "89734e0588d7add9e37a3f2a20d2df35b9ca1f6244dc56c07f2e13a52f4e0c0c",
    "https://taisukef.github.io/typing-jp/src/typing_text.js": "ea66786a4a91a0cf77cfb8d536a5f1e5b707e8592d8b51c2fbcb8f34d85137d6"
  }
}
